
Microsoft Visual Studio Solution File, Format Version 12.00
# Visual Studio 15
VisualStudioVersion = 15.0.27130.2027
MinimumVisualStudioVersion = 10.0.40219.1
Project("{8BC9CEB8-8B4A-11D0-8D11-00A0C91BC942}") = "Practical 3", "Practical 3\Practical 3.vcxproj", "{46B30579-420D-40FE-9D5C-100E673BA115}"
EndProject
Global
	GlobalSection(SolutionConfigurationPlatforms) = preSolution
		Debug|x64 = Debug|x64
		Debug|x86 = Debug|x86
		Release|x64 = Release|x64
		Release|x86 = Release|x86
	EndGlobalSection
	GlobalSection(ProjectConfigurationPlatforms) = postSolution
		{46B30579-420D-40FE-9D5C-100E673BA115}.Debug|x64.ActiveCfg = Debug|x64
		{46B30579-420D-40FE-9D5C-100E673BA115}.Debug|x64.Build.0 = Debug|x64
		{46B30579-420D-40FE-9D5C-100E673BA115}.Debug|x86.ActiveCfg = Debug|Win32
		{46B30579-420D-40FE-9D5C-100E673BA115}.Debug|x86.Build.0 = Debug|Win32
		{46B30579-420D-40FE-9D5C-100E673BA115}.Release|x64.ActiveCfg = Release|x64
		{46B30579-420D-40FE-9D5C-100E673BA115}.Release|x64.Build.0 = Release|x64
		{46B30579-420D-40FE-9D5C-100E673BA115}.Release|x86.ActiveCfg = Release|Win32
		{46B30579-420D-40FE-9D5C-100E673BA115}.Release|x86.Build.0 = Release|Win32
	EndGlobalSection
	GlobalSection(SolutionProperties) = preSolution
		HideSolutionNode = FALSE
	EndGlobalSection
	GlobalSection(ExtensibilityGlobals) = postSolution
		SolutionGuid = {2E42D465-8A8E-44D1-B7B7-DE3E386BCB38}
	EndGlobalSection
EndGlobal
